
Microsoft Visual Studio Solution File, Format Version 12.00
# Visual Studio 15
Project("{FAE04EC0-301F-11D3-BF4B-00C04F79EFBC}") = "InworldAI", "InworldAI.csproj", "{24B86DF3-70B0-AD11-7D7F-A11F4B369495}"
EndProject
Project("{FAE04EC0-301F-11D3-BF4B-00C04F79EFBC}") = "Siccity.GLTFUtility", "Siccity.GLTFUtility.csproj", "{60676959-52ED-B3A6-B4C4-910F1B13E033}"
EndProject
Project("{FAE04EC0-301F-11D3-BF4B-00C04F79EFBC}") = "Assembly-CSharp", "Assembly-CSharp.csproj", "{CC08086D-22DE-33F0-78CF-890C4456C676}"
EndProject
Project("{FAE04EC0-301F-11D3-BF4B-00C04F79EFBC}") = "Siccity.GLTFUtility.Editor", "Siccity.GLTFUtility.Editor.csproj", "{77AAC293-2BBC-A410-7528-D9A24605FBD0}"
EndProject
Project("{FAE04EC0-301F-11D3-BF4B-00C04F79EFBC}") = "Dracodec", "Dracodec.csproj", "{B1B93165-8FDC-987D-C07F-DE659F968416}"
EndProject
Global
	GlobalSection(SolutionConfigurationPlatforms) = preSolution
		Debug|Any CPU = Debug|Any CPU
		Release|Any CPU = Release|Any CPU
	EndGlobalSection
	GlobalSection(ProjectConfigurationPlatforms) = postSolution
		{24B86DF3-70B0-AD11-7D7F-A11F4B369495}.Debug|Any CPU.ActiveCfg = Debug|Any CPU
		{24B86DF3-70B0-AD11-7D7F-A11F4B369495}.Debug|Any CPU.Build.0 = Debug|Any CPU
		{24B86DF3-70B0-AD11-7D7F-A11F4B369495}.Release|Any CPU.ActiveCfg = Release|Any CPU
		{24B86DF3-70B0-AD11-7D7F-A11F4B369495}.Release|Any CPU.Build.0 = Release|Any CPU
		{60676959-52ED-B3A6-B4C4-910F1B13E033}.Debug|Any CPU.ActiveCfg = Debug|Any CPU
		{60676959-52ED-B3A6-B4C4-910F1B13E033}.Debug|Any CPU.Build.0 = Debug|Any CPU
		{60676959-52ED-B3A6-B4C4-910F1B13E033}.Release|Any CPU.ActiveCfg = Release|Any CPU
		{60676959-52ED-B3A6-B4C4-910F1B13E033}.Release|Any CPU.Build.0 = Release|Any CPU
		{CC08086D-22DE-33F0-78CF-890C4456C676}.Debug|Any CPU.ActiveCfg = Debug|Any CPU
		{CC08086D-22DE-33F0-78CF-890C4456C676}.Debug|Any CPU.Build.0 = Debug|Any CPU
		{CC08086D-22DE-33F0-78CF-890C4456C676}.Release|Any CPU.ActiveCfg = Release|Any CPU
		{CC08086D-22DE-33F0-78CF-890C4456C676}.Release|Any CPU.Build.0 = Release|Any CPU
		{77AAC293-2BBC-A410-7528-D9A24605FBD0}.Debug|Any CPU.ActiveCfg = Debug|Any CPU
		{77AAC293-2BBC-A410-7528-D9A24605FBD0}.Debug|Any CPU.Build.0 = Debug|Any CPU
		{77AAC293-2BBC-A410-7528-D9A24605FBD0}.Release|Any CPU.ActiveCfg = Release|Any CPU
		{77AAC293-2BBC-A410-7528-D9A24605FBD0}.Release|Any CPU.Build.0 = Release|Any CPU
		{B1B93165-8FDC-987D-C07F-DE659F968416}.Debug|Any CPU.ActiveCfg = Debug|Any CPU
		{B1B93165-8FDC-987D-C07F-DE659F968416}.Debug|Any CPU.Build.0 = Debug|Any CPU
		{B1B93165-8FDC-987D-C07F-DE659F968416}.Release|Any CPU.ActiveCfg = Release|Any CPU
		{B1B93165-8FDC-987D-C07F-DE659F968416}.Release|Any CPU.Build.0 = Release|Any CPU
	EndGlobalSection
	GlobalSection(SolutionProperties) = preSolution
		HideSolutionNode = FALSE
	EndGlobalSection
EndGlobal
